
Microsoft Visual Studio Solution File, Format Version 12.00
# Visual Studio Version 16
VisualStudioVersion = 16.0.29201.188
MinimumVisualStudioVersion = 10.0.40219.1
Project("{FAE04EC0-301F-11D3-BF4B-00C04F79EFBC}") = "MadLib_Starter_2019", "MadLib_Starter_2019.csproj", "{6A6E7CF8-C3BC-476B-B48E-504A3A550831}"
EndProject
Global
	GlobalSection(SolutionConfigurationPlatforms) = preSolution
		Debug|Any CPU = Debug|Any CPU
		Release|Any CPU = Release|Any CPU
	EndGlobalSection
	GlobalSection(ProjectConfigurationPlatforms) = postSolution
		{6A6E7CF8-C3BC-476B-B48E-504A3A550831}.Debug|Any CPU.ActiveCfg = Debug|Any CPU
		{6A6E7CF8-C3BC-476B-B48E-504A3A550831}.Debug|Any CPU.Build.0 = Debug|Any CPU
		{6A6E7CF8-C3BC-476B-B48E-504A3A550831}.Release|Any CPU.ActiveCfg = Release|Any CPU
		{6A6E7CF8-C3BC-476B-B48E-504A3A550831}.Release|Any CPU.Build.0 = Release|Any CPU
	EndGlobalSection
	GlobalSection(SolutionProperties) = preSolution
		HideSolutionNode = FALSE
	EndGlobalSection
	GlobalSection(ExtensibilityGlobals) = postSolution
		SolutionGuid = {1B985167-0629-47AB-AAE9-649ED4ECFE10}
	EndGlobalSection
EndGlobal
